{
  "object": {
    "pins": [
      {
        "package": "Aperture",
        "repositoryURL": "https://github.com/probablycorey/Aperture",
        "state": {
          "branch": null,
          "revision": "38b5c0a1f6a7d55889ea639144f8461bdbfbe701",
          "version": "1.0.1"
        }
      },
      {
        "package": "swift-argument-parser",
        "repositoryURL": "https://github.com/apple/swift-argument-parser",
        "state": {
          "branch": null,
          "revision": "47bd06ebeff8146ecd0020809e186218b46f465f",
          "version": "0.4.2"
        }
      }
    ]
  },
  "version": 1
}
